
Microsoft Visual Studio Solution File, Format Version 12.00
# Visual Studio Version 17
VisualStudioVersion = 17.13.35818.85 d17.13
MinimumVisualStudioVersion = 10.0.40219.1
Project("{FAE04EC0-301F-11D3-BF4B-00C04F79EFBC}") = "GutMeal_Website", "GutMeal_Website.csproj", "{96B1161B-B393-455C-BA6F-FC07D33176CB}"
EndProject
Global
	GlobalSection(SolutionConfigurationPlatforms) = preSolution
		Debug|Any CPU = Debug|Any CPU
		Release|Any CPU = Release|Any CPU
	EndGlobalSection
	GlobalSection(ProjectConfigurationPlatforms) = postSolution
		{96B1161B-B393-455C-BA6F-FC07D33176CB}.Debug|Any CPU.ActiveCfg = Debug|Any CPU
		{96B1161B-B393-455C-BA6F-FC07D33176CB}.Debug|Any CPU.Build.0 = Debug|Any CPU
		{96B1161B-B393-455C-BA6F-FC07D33176CB}.Release|Any CPU.ActiveCfg = Release|Any CPU
		{96B1161B-B393-455C-BA6F-FC07D33176CB}.Release|Any CPU.Build.0 = Release|Any CPU
	EndGlobalSection
	GlobalSection(SolutionProperties) = preSolution
		HideSolutionNode = FALSE
	EndGlobalSection
	GlobalSection(ExtensibilityGlobals) = postSolution
		SolutionGuid = {583FF307-3826-4132-8543-45212CC5B3F8}
	EndGlobalSection
EndGlobal
